// !$*UTF8*$!
{
	archiveVersion = 1;
	classes = {
	};
	objectVersion = 54;
	objects = {

/* Begin PBXBuildFile section */
		AA0000000000000000000030 /* AppDelegate.swift in Sources */ = {isa = PBXBuildFile; fileRef = AA0000000000000000000001 /* AppDelegate.swift */; };
		AA0000000000000000000031 /* VPNSwift.swift in Sources */ = {isa = PBXBuildFile; fileRef = AA0000000000000000000002 /* VPNSwift.swift */; };
		AA0000000000000000000032 /* SharedConstants.swift in Sources */ = {isa = PBXBuildFile; fileRef = AA0000000000000000000003 /* SharedConstants.swift */; };
		AA0000000000000000000033 /* GeneratedPluginRegistrant.m in Sources */ = {isa = PBXBuildFile; fileRef = AA000000000000000000000B /* GeneratedPluginRegistrant.m */; };
		AA0000000000000000000034 /* Main.storyboard in Resources */ = {isa = PBXBuildFile; fileRef = AA0000000000000000000007 /* Main.storyboard */; };
		AA0000000000000000000035 /* LaunchScreen.storyboard in Resources */ = {isa = PBXBuildFile; fileRef = AA0000000000000000000008 /* LaunchScreen.storyboard */; };
		AA0000000000000000000036 /* Assets.xcassets in Resources */ = {isa = PBXBuildFile; fileRef = AA0000000000000000000009 /* Assets.xcassets */; };
		AA0000000000000000000037 /* LibXray.xcframework in Frameworks */ = {isa = PBXBuildFile; fileRef = AA0000000000000000000016 /* LibXray.xcframework */; };
		AA0000000000000000000038 /* libresolv.tbd in Frameworks */ = {isa = PBXBuildFile; fileRef = AA0000000000000000000018 /* libresolv.tbd */; };
		AA0000000000000000000039 /* PacketTunnel.appex in Embed App Extensions */ = {isa = PBXBuildFile; fileRef = AA0000000000000000000021 /* PacketTunnel.appex */; settings = {ATTRIBUTES = (CodeSignOnCopy, RemoveHeadersOnCopy, ); }; };
		AA0000000000000000000040 /* PacketTunnelProvider.swift in Sources */ = {isa = PBXBuildFile; fileRef = AA000000000000000000000C /* PacketTunnelProvider.swift */; };
		AA0000000000000000000041 /* XrayCore.swift in Sources */ = {isa = PBXBuildFile; fileRef = AA000000000000000000000D /* XrayCore.swift */; };
		AA0000000000000000000042 /* HevTunnel.swift in Sources */ = {isa = PBXBuildFile; fileRef = AA000000000000000000000E /* HevTunnel.swift */; };
		AA0000000000000000000043 /* HevShim.c in Sources */ = {isa = PBXBuildFile; fileRef = AA000000000000000000000F /* HevShim.c */; };
		AA0000000000000000000044 /* SharedConstants.swift in Sources */ = {isa = PBXBuildFile; fileRef = AA0000000000000000000003 /* SharedConstants.swift */; };
		AA0000000000000000000045 /* LibXray.xcframework in Frameworks */ = {isa = PBXBuildFile; fileRef = AA0000000000000000000016 /* LibXray.xcframework */; };
		AA0000000000000000000046 /* HevSocks5Tunnel.xcframework in Frameworks */ = {isa = PBXBuildFile; fileRef = AA0000000000000000000017 /* HevSocks5Tunnel.xcframework */; };
		AA0000000000000000000047 /* NetworkExtension.framework in Frameworks */ = {isa = PBXBuildFile; fileRef = AA0000000000000000000019 /* NetworkExtension.framework */; };
		AA0000000000000000000048 /* libresolv.tbd in Frameworks */ = {isa = PBXBuildFile; fileRef = AA0000000000000000000018 /* libresolv.tbd */; };
/* End PBXBuildFile section */

/* Begin PBXContainerItemProxy section */
		AA00000000000000000000A0 /* PBXContainerItemProxy */ = {
			isa = PBXContainerItemProxy;
			containerPortal = AA0000000000000000000080 /* Project object */;
			proxyType = 1;
			remoteGlobalIDString = AA0000000000000000000061;
			remoteInfo = PacketTunnel;
		};
/* End PBXContainerItemProxy section */

/* Begin PBXCopyFilesBuildPhase section */
		AA0000000000000000000073 /* Embed App Extensions */ = {
			isa = PBXCopyFilesBuildPhase;
			buildActionMask = 2147483647;
			dstPath = "";
			dstSubfolderSpec = 13;
			files = (
				AA0000000000000000000039 /* PacketTunnel.appex in Embed App Extensions */,
			);
			name = "Embed App Extensions";
			runOnlyForDeploymentPostprocessing = 0;
		};
/* End PBXCopyFilesBuildPhase section */

/* Begin PBXFileReference section */
		AA0000000000000000000001 /* AppDelegate.swift */ = {isa = PBXFileReference; lastKnownFileType = sourcecode.swift; path = AppDelegate.swift; sourceTree = "<group>"; };
		AA0000000000000000000002 /* VPNSwift.swift */ = {isa = PBXFileReference; lastKnownFileType = sourcecode.swift; path = VPNSwift.swift; sourceTree = "<group>"; };
		AA0000000000000000000003 /* SharedConstants.swift */ = {isa = PBXFileReference; lastKnownFileType = sourcecode.swift; path = SharedConstants.swift; sourceTree = "<group>"; };
		AA0000000000000000000004 /* Runner-Bridging-Header.h */ = {isa = PBXFileReference; lastKnownFileType = sourcecode.c.h; path = "Runner-Bridging-Header.h"; sourceTree = "<group>"; };
		AA0000000000000000000005 /* Info.plist */ = {isa = PBXFileReference; lastKnownFileType = text.plist.xml; path = Info.plist; sourceTree = "<group>"; };
		AA0000000000000000000006 /* Runner.entitlements */ = {isa = PBXFileReference; lastKnownFileType = text.plist.entitlements; path = Runner.entitlements; sourceTree = "<group>"; };
		AA0000000000000000000007 /* Main.storyboard */ = {isa = PBXFileReference; lastKnownFileType = file.storyboard; name = Main.storyboard; path = Base.lproj/Main.storyboard; sourceTree = "<group>"; };
		AA0000000000000000000008 /* LaunchScreen.storyboard */ = {isa = PBXFileReference; lastKnownFileType = file.storyboard; name = LaunchScreen.storyboard; path = Base.lproj/LaunchScreen.storyboard; sourceTree = "<group>"; };
		AA0000000000000000000009 /* Assets.xcassets */ = {isa = PBXFileReference; lastKnownFileType = folder.assetcatalog; path = Assets.xcassets; sourceTree = "<group>"; };
		AA000000000000000000000A /* GeneratedPluginRegistrant.h */ = {isa = PBXFileReference; fileEncoding = 4; lastKnownFileType = sourcecode.c.h; path = GeneratedPluginRegistrant.h; sourceTree = "<group>"; };
		AA000000000000000000000B /* GeneratedPluginRegistrant.m */ = {isa = PBXFileReference; fileEncoding = 4; lastKnownFileType = sourcecode.c.objc; path = GeneratedPluginRegistrant.m; sourceTree = "<group>"; };
		AA000000000000000000000C /* PacketTunnelProvider.swift */ = {isa = PBXFileReference; lastKnownFileType = sourcecode.swift; path = PacketTunnelProvider.swift; sourceTree = "<group>"; };
		AA000000000000000000000D /* XrayCore.swift */ = {isa = PBXFileReference; lastKnownFileType = sourcecode.swift; path = XrayCore.swift; sourceTree = "<group>"; };
		AA000000000000000000000E /* HevTunnel.swift */ = {isa = PBXFileReference; lastKnownFileType = sourcecode.swift; path = HevTunnel.swift; sourceTree = "<group>"; };
		AA000000000000000000000F /* HevShim.c */ = {isa = PBXFileReference; lastKnownFileType = sourcecode.c.c; path = HevShim.c; sourceTree = "<group>"; };
		AA0000000000000000000010 /* PacketTunnel-Bridging-Header.h */ = {isa = PBXFileReference; lastKnownFileType = sourcecode.c.h; path = "PacketTunnel-Bridging-Header.h"; sourceTree = "<group>"; };
		AA0000000000000000000011 /* Info.plist */ = {isa = PBXFileReference; lastKnownFileType = text.plist.xml; path = Info.plist; sourceTree = "<group>"; };
		AA0000000000000000000012 /* PacketTunnel.entitlements */ = {isa = PBXFileReference; lastKnownFileType = text.plist.entitlements; path = PacketTunnel.entitlements; sourceTree = "<group>"; };
		AA0000000000000000000013 /* AppFrameworkInfo.plist */ = {isa = PBXFileReference; lastKnownFileType = text.plist.xml; path = AppFrameworkInfo.plist; sourceTree = "<group>"; };
		AA0000000000000000000014 /* Debug.xcconfig */ = {isa = PBXFileReference; lastKnownFileType = text.xcconfig; path = Debug.xcconfig; sourceTree = "<group>"; };
		AA0000000000000000000015 /* Release.xcconfig */ = {isa = PBXFileReference; lastKnownFileType = text.xcconfig; path = Release.xcconfig; sourceTree = "<group>"; };
		AA0000000000000000000016 /* LibXray.xcframework */ = {isa = PBXFileReference; lastKnownFileType = wrapper.xcframework; path = LibXray.xcframework; sourceTree = "<group>"; };
		AA0000000000000000000017 /* HevSocks5Tunnel.xcframework */ = {isa = PBXFileReference; lastKnownFileType = wrapper.xcframework; path = HevSocks5Tunnel.xcframework; sourceTree = "<group>"; };
		AA0000000000000000000018 /* libresolv.tbd */ = {isa = PBXFileReference; lastKnownFileType = "sourcecode.text-based-dylib-definition"; name = libresolv.tbd; path = usr/lib/libresolv.tbd; sourceTree = SDKROOT; };
		AA0000000000000000000019 /* NetworkExtension.framework */ = {isa = PBXFileReference; lastKnownFileType = wrapper.framework; name = NetworkExtension.framework; path = System/Library/Frameworks/NetworkExtension.framework; sourceTree = SDKROOT; };
		AA0000000000000000000020 /* Runner.app */ = {isa = PBXFileReference; explicitFileType = wrapper.application; includeInIndex = 0; path = Runner.app; sourceTree = BUILT_PRODUCTS_DIR; };
		AA0000000000000000000021 /* PacketTunnel.appex */ = {isa = PBXFileReference; explicitFileType = "wrapper.app-extension"; includeInIndex = 0; path = PacketTunnel.appex; sourceTree = BUILT_PRODUCTS_DIR; };
/* End PBXFileReference section */

/* Begin PBXFrameworksBuildPhase section */
		AA0000000000000000000071 /* Frameworks */ = {
			isa = PBXFrameworksBuildPhase;
			buildActionMask = 2147483647;
			files = (
				AA0000000000000000000037 /* LibXray.xcframework in Frameworks */,
				AA0000000000000000000038 /* libresolv.tbd in Frameworks */,
			);
			runOnlyForDeploymentPostprocessing = 0;
		};
		AA0000000000000000000077 /* Frameworks */ = {
			isa = PBXFrameworksBuildPhase;
			buildActionMask = 2147483647;
			files = (
				AA0000000000000000000045 /* LibXray.xcframework in Frameworks */,
				AA0000000000000000000046 /* HevSocks5Tunnel.xcframework in Frameworks */,
				AA0000000000000000000047 /* NetworkExtension.framework in Frameworks */,
				AA0000000000000000000048 /* libresolv.tbd in Frameworks */,
			);
			runOnlyForDeploymentPostprocessing = 0;
		};
/* End PBXFrameworksBuildPhase section */

/* Begin PBXGroup section */
		AA0000000000000000000050 = {
			isa = PBXGroup;
			children = (
				AA0000000000000000000051 /* Runner */,
				AA0000000000000000000053 /* PacketTunnel */,
				AA0000000000000000000054 /* Shared */,
				AA0000000000000000000055 /* Flutter */,
				AA0000000000000000000056 /* Frameworks */,
				AA0000000000000000000057 /* Products */,
			);
			sourceTree = "<group>";
		};
		AA0000000000000000000051 /* Runner */ = {
			isa = PBXGroup;
			children = (
				AA0000000000000000000001 /* AppDelegate.swift */,
				AA0000000000000000000002 /* VPNSwift.swift */,
				AA0000000000000000000004 /* Runner-Bridging-Header.h */,
				AA000000000000000000000A /* GeneratedPluginRegistrant.h */,
				AA000000000000000000000B /* GeneratedPluginRegistrant.m */,
				AA0000000000000000000007 /* Main.storyboard */,
				AA0000000000000000000008 /* LaunchScreen.storyboard */,
				AA0000000000000000000009 /* Assets.xcassets */,
				AA0000000000000000000005 /* Info.plist */,
				AA0000000000000000000006 /* Runner.entitlements */,
			);
			path = Runner;
			sourceTree = "<group>";
		};
		AA0000000000000000000053 /* PacketTunnel */ = {
			isa = PBXGroup;
			children = (
				AA000000000000000000000C /* PacketTunnelProvider.swift */,
				AA000000000000000000000D /* XrayCore.swift */,
				AA000000000000000000000E /* HevTunnel.swift */,
				AA000000000000000000000F /* HevShim.c */,
				AA0000000000000000000010 /* PacketTunnel-Bridging-Header.h */,
				AA0000000000000000000011 /* Info.plist */,
				AA0000000000000000000012 /* PacketTunnel.entitlements */,
			);
			path = PacketTunnel;
			sourceTree = "<group>";
		};
		AA0000000000000000000054 /* Shared */ = {
			isa = PBXGroup;
			children = (
				AA0000000000000000000003 /* SharedConstants.swift */,
			);
			path = Shared;
			sourceTree = "<group>";
		};
		AA0000000000000000000055 /* Flutter */ = {
			isa = PBXGroup;
			children = (
				AA0000000000000000000013 /* AppFrameworkInfo.plist */,
				AA0000000000000000000014 /* Debug.xcconfig */,
				AA0000000000000000000015 /* Release.xcconfig */,
			);
			path = Flutter;
			sourceTree = "<group>";
		};
		AA0000000000000000000056 /* Frameworks */ = {
			isa = PBXGroup;
			children = (
				AA0000000000000000000016 /* LibXray.xcframework */,
				AA0000000000000000000017 /* HevSocks5Tunnel.xcframework */,
				AA0000000000000000000018 /* libresolv.tbd */,
				AA0000000000000000000019 /* NetworkExtension.framework */,
			);
			path = Frameworks;
			sourceTree = "<group>";
		};
		AA0000000000000000000057 /* Products */ = {
			isa = PBXGroup;
			children = (
				AA0000000000000000000020 /* Runner.app */,
				AA0000000000000000000021 /* PacketTunnel.appex */,
			);
			name = Products;
			sourceTree = "<group>";
		};
/* End PBXGroup section */

/* Begin PBXNativeTarget section */
		AA0000000000000000000060 /* Runner */ = {
			isa = PBXNativeTarget;
			buildConfigurationList = AA0000000000000000000093 /* Build configuration list for PBXNativeTarget "Runner" */;
			buildPhases = (
				AA0000000000000000000074 /* Run Script */,
				AA0000000000000000000070 /* Sources */,
				AA0000000000000000000071 /* Frameworks */,
				AA0000000000000000000072 /* Resources */,
				AA0000000000000000000073 /* Embed App Extensions */,
				AA0000000000000000000075 /* Thin Binary */,
			);
			buildRules = (
			);
			dependencies = (
				AA00000000000000000000A1 /* PBXTargetDependency */,
			);
			name = Runner;
			productName = Runner;
			productReference = AA0000000000000000000020 /* Runner.app */;
			productType = "com.apple.product-type.application";
		};
		AA0000000000000000000061 /* PacketTunnel */ = {
			isa = PBXNativeTarget;
			buildConfigurationList = AA0000000000000000000096 /* Build configuration list for PBXNativeTarget "PacketTunnel" */;
			buildPhases = (
				AA0000000000000000000076 /* Sources */,
				AA0000000000000000000077 /* Frameworks */,
				AA0000000000000000000078 /* Resources */,
			);
			buildRules = (
			);
			dependencies = (
			);
			name = PacketTunnel;
			productName = PacketTunnel;
			productReference = AA0000000000000000000021 /* PacketTunnel.appex */;
			productType = "com.apple.product-type.app-extension";
		};
/* End PBXNativeTarget section */

/* Begin PBXProject section */
		AA0000000000000000000080 /* Project object */ = {
			isa = PBXProject;
			attributes = {
				BuildIndependentTargetsInParallel = 1;
				LastSwiftUpdateCheck = 1500;
				LastUpgradeCheck = 1500;
				ORGANIZATIONNAME = "Aura VPN";
				TargetAttributes = {
					AA0000000000000000000060 = {
						CreatedOnToolsVersion = 15.0;
					};
					AA0000000000000000000061 = {
						CreatedOnToolsVersion = 15.0;
					};
				};
			};
			buildConfigurationList = AA0000000000000000000090 /* Build configuration list for PBXProject "Runner" */;
			compatibilityVersion = "Xcode 12.0";
			developmentRegion = en;
			hasScannedForEncodings = 0;
			knownRegions = (
				en,
				Base,
				ru,
			);
			mainGroup = AA0000000000000000000050;
			productRefGroup = AA0000000000000000000057 /* Products */;
			projectDirPath = "";
			projectRoot = "";
			targets = (
				AA0000000000000000000060 /* Runner */,
				AA0000000000000000000061 /* PacketTunnel */,
			);
		};
/* End PBXProject section */

/* Begin PBXResourcesBuildPhase section */
		AA0000000000000000000072 /* Resources */ = {
			isa = PBXResourcesBuildPhase;
			buildActionMask = 2147483647;
			files = (
				AA0000000000000000000034 /* Main.storyboard in Resources */,
				AA0000000000000000000035 /* LaunchScreen.storyboard in Resources */,
				AA0000000000000000000036 /* Assets.xcassets in Resources */,
			);
			runOnlyForDeploymentPostprocessing = 0;
		};
		AA0000000000000000000078 /* Resources */ = {
			isa = PBXResourcesBuildPhase;
			buildActionMask = 2147483647;
			files = (
			);
			runOnlyForDeploymentPostprocessing = 0;
		};
/* End PBXResourcesBuildPhase section */

/* Begin PBXShellScriptBuildPhase section */
		AA0000000000000000000074 /* Run Script */ = {
			isa = PBXShellScriptBuildPhase;
			alwaysOutOfDate = 1;
			buildActionMask = 2147483647;
			files = (
			);
			inputFileListPaths = (
			);
			inputPaths = (
			);
			name = "Run Script";
			outputFileListPaths = (
			);
			outputPaths = (
			);
			runOnlyForDeploymentPostprocessing = 0;
			shellPath = /bin/sh;
			shellScript = "/bin/sh \"$FLUTTER_ROOT/packages/flutter_tools/bin/xcode_backend.sh\" build";
		};
		AA0000000000000000000075 /* Thin Binary */ = {
			isa = PBXShellScriptBuildPhase;
			alwaysOutOfDate = 1;
			buildActionMask = 2147483647;
			files = (
			);
			inputFileListPaths = (
			);
			inputPaths = (
			);
			name = "Thin Binary";
			outputFileListPaths = (
			);
			outputPaths = (
			);
			runOnlyForDeploymentPostprocessing = 0;
			shellPath = /bin/sh;
			shellScript = "/bin/sh \"$FLUTTER_ROOT/packages/flutter_tools/bin/xcode_backend.sh\" embed_and_thin";
		};
/* End PBXShellScriptBuildPhase section */

/* Begin PBXSourcesBuildPhase section */
		AA0000000000000000000070 /* Sources */ = {
			isa = PBXSourcesBuildPhase;
			buildActionMask = 2147483647;
			files = (
				AA0000000000000000000030 /* AppDelegate.swift in Sources */,
				AA0000000000000000000031 /* VPNSwift.swift in Sources */,
				AA0000000000000000000032 /* SharedConstants.swift in Sources */,
				AA0000000000000000000033 /* GeneratedPluginRegistrant.m in Sources */,
			);
			runOnlyForDeploymentPostprocessing = 0;
		};
		AA0000000000000000000076 /* Sources */ = {
			isa = PBXSourcesBuildPhase;
			buildActionMask = 2147483647;
			files = (
				AA0000000000000000000040 /* PacketTunnelProvider.swift in Sources */,
				AA0000000000000000000041 /* XrayCore.swift in Sources */,
				AA0000000000000000000042 /* HevTunnel.swift in Sources */,
				AA0000000000000000000043 /* HevShim.c in Sources */,
				AA0000000000000000000044 /* SharedConstants.swift in Sources */,
			);
			runOnlyForDeploymentPostprocessing = 0;
		};
/* End PBXSourcesBuildPhase section */

/* Begin PBXTargetDependency section */
		AA00000000000000000000A1 /* PBXTargetDependency */ = {
			isa = PBXTargetDependency;
			target = AA0000000000000000000061 /* PacketTunnel */;
			targetProxy = AA00000000000000000000A0 /* PBXContainerItemProxy */;
		};
/* End PBXTargetDependency section */

/* Begin XCBuildConfiguration section */
		AA0000000000000000000091 /* Debug */ = {
			isa = XCBuildConfiguration;
			buildSettings = {
				ALWAYS_SEARCH_USER_PATHS = NO;
				CLANG_ANALYZER_NONNULL = YES;
				CLANG_CXX_LANGUAGE_STANDARD = "gnu++0x";
				CLANG_CXX_LIBRARY = "libc++";
				CLANG_ENABLE_MODULES = YES;
				CLANG_ENABLE_OBJC_ARC = YES;
				CLANG_WARN_BLOCK_CAPTURE_AUTORELEASING = YES;
				CLANG_WARN_BOOL_CONVERSION = YES;
				CLANG_WARN_COMMA = YES;
				CLANG_WARN_CONSTANT_CONVERSION = YES;
				CLANG_WARN_DEPRECATED_OBJC_IMPLEMENTATIONS = YES;
				CLANG_WARN_DIRECT_OBJC_ISA_USAGE = YES_ERROR;
				CLANG_WARN_EMPTY_BODY = YES;
				CLANG_WARN_ENUM_CONVERSION = YES;
				CLANG_WARN_INFINITE_RECURSION = YES;
				CLANG_WARN_INT_CONVERSION = YES;
				CLANG_WARN_NON_LITERAL_NULL_CONVERSION = YES;
				CLANG_WARN_OBJC_IMPLICIT_RETAIN_SELF = YES;
				CLANG_WARN_OBJC_LITERAL_CONVERSION = YES;
				CLANG_WARN_OBJC_ROOT_CLASS = YES_ERROR;
				CLANG_WARN_RANGE_LOOP_ANALYSIS = YES;
				CLANG_WARN_STRICT_PROTOTYPES = YES;
				CLANG_WARN_SUSPICIOUS_MOVE = YES;
				CLANG_WARN_UNREACHABLE_CODE = YES;
				CLANG_WARN__DUPLICATE_METHOD_MATCH = YES;
				"CODE_SIGN_IDENTITY[sdk=iphoneos*]" = "iPhone Developer";
				COPY_PHASE_STRIP = NO;
				DEBUG_INFORMATION_FORMAT = dwarf;
				ENABLE_STRICT_OBJC_MSGSEND = YES;
				ENABLE_TESTABILITY = YES;
				GCC_C_LANGUAGE_STANDARD = gnu99;
				GCC_DYNAMIC_NO_PIC = NO;
				GCC_NO_COMMON_BLOCKS = YES;
				GCC_OPTIMIZATION_LEVEL = 0;
				GCC_PREPROCESSOR_DEFINITIONS = (
					"DEBUG=1",
					"$(inherited)",
				);
				GCC_WARN_64_TO_32_BIT_CONVERSION = YES;
				GCC_WARN_ABOUT_RETURN_TYPE = YES_ERROR;
				GCC_WARN_UNDECLARED_SELECTOR = YES;
				GCC_WARN_UNINITIALIZED_AUTOS = YES_AGGRESSIVE;
				GCC_WARN_UNUSED_FUNCTION = YES;
				GCC_WARN_UNUSED_VARIABLE = YES;
				IPHONEOS_DEPLOYMENT_TARGET = 15.0;
				MTL_ENABLE_DEBUG_INFO = YES;
				ONLY_ACTIVE_ARCH = YES;
				SDKROOT = iphoneos;
				TARGETED_DEVICE_FAMILY = "1,2";
			};
			name = Debug;
		};
		AA0000000000000000000092 /* Release */ = {
			isa = XCBuildConfiguration;
			buildSettings = {
				ALWAYS_SEARCH_USER_PATHS = NO;
				CLANG_ANALYZER_NONNULL = YES;
				CLANG_CXX_LANGUAGE_STANDARD = "gnu++0x";
				CLANG_CXX_LIBRARY = "libc++";
				CLANG_ENABLE_MODULES = YES;
				CLANG_ENABLE_OBJC_ARC = YES;
				CLANG_WARN_BLOCK_CAPTURE_AUTORELEASING = YES;
				CLANG_WARN_BOOL_CONVERSION = YES;
				CLANG_WARN_COMMA = YES;
				CLANG_WARN_CONSTANT_CONVERSION = YES;
				CLANG_WARN_DEPRECATED_OBJC_IMPLEMENTATIONS = YES;
				CLANG_WARN_DIRECT_OBJC_ISA_USAGE = YES_ERROR;
				CLANG_WARN_EMPTY_BODY = YES;
				CLANG_WARN_ENUM_CONVERSION = YES;
				CLANG_WARN_INFINITE_RECURSION = YES;
				CLANG_WARN_INT_CONVERSION = YES;
				CLANG_WARN_NON_LITERAL_NULL_CONVERSION = YES;
				CLANG_WARN_OBJC_IMPLICIT_RETAIN_SELF = YES;
				CLANG_WARN_OBJC_LITERAL_CONVERSION = YES;
				CLANG_WARN_OBJC_ROOT_CLASS = YES_ERROR;
				CLANG_WARN_RANGE_LOOP_ANALYSIS = YES;
				CLANG_WARN_STRICT_PROTOTYPES = YES;
				CLANG_WARN_SUSPICIOUS_MOVE = YES;
				CLANG_WARN_UNREACHABLE_CODE = YES;
				CLANG_WARN__DUPLICATE_METHOD_MATCH = YES;
				"CODE_SIGN_IDENTITY[sdk=iphoneos*]" = "iPhone Developer";
				COPY_PHASE_STRIP = NO;
				DEBUG_INFORMATION_FORMAT = "dwarf-with-dsym";
				ENABLE_NS_ASSERTIONS = NO;
				ENABLE_STRICT_OBJC_MSGSEND = YES;
				GCC_C_LANGUAGE_STANDARD = gnu99;
				GCC_NO_COMMON_BLOCKS = YES;
				GCC_WARN_64_TO_32_BIT_CONVERSION = YES;
				GCC_WARN_ABOUT_RETURN_TYPE = YES_ERROR;
				GCC_WARN_UNDECLARED_SELECTOR = YES;
				GCC_WARN_UNINITIALIZED_AUTOS = YES_AGGRESSIVE;
				GCC_WARN_UNUSED_FUNCTION = YES;
				GCC_WARN_UNUSED_VARIABLE = YES;
				IPHONEOS_DEPLOYMENT_TARGET = 15.0;
				MTL_ENABLE_DEBUG_INFO = NO;
				SDKROOT = iphoneos;
				TARGETED_DEVICE_FAMILY = "1,2";
				VALIDATE_PRODUCT = YES;
			};
			name = Release;
		};
		AA0000000000000000000094 /* Debug */ = {
			isa = XCBuildConfiguration;
			baseConfigurationReference = AA0000000000000000000014 /* Debug.xcconfig */;
			buildSettings = {
				ASSETCATALOG_COMPILER_APPICON_NAME = AppIcon;
				CLANG_ENABLE_MODULES = YES;
				CODE_SIGN_ENTITLEMENTS = Runner/Runner.entitlements;
				CODE_SIGN_STYLE = Automatic;
				CURRENT_PROJECT_VERSION = "$(FLUTTER_BUILD_NUMBER)";
				DEVELOPMENT_TEAM = "";
				ENABLE_BITCODE = NO;
				FRAMEWORK_SEARCH_PATHS = (
					"$(inherited)",
					"$(PROJECT_DIR)/Frameworks",
				);
				HEADER_SEARCH_PATHS = (
					"$(inherited)",
					"$(PROJECT_DIR)/Frameworks/include",
				);
				INFOPLIST_FILE = Runner/Info.plist;
				IPHONEOS_DEPLOYMENT_TARGET = 15.0;
				LD_RUNPATH_SEARCH_PATHS = (
					"$(inherited)",
					"@executable_path/Frameworks",
				);
				MARKETING_VERSION = 1.0.0;
				PRODUCT_BUNDLE_IDENTIFIER = com.auravpn.app;
				PRODUCT_NAME = "$(TARGET_NAME)";
				SWIFT_OBJC_BRIDGING_HEADER = "Runner/Runner-Bridging-Header.h";
				SWIFT_OPTIMIZATION_LEVEL = "-Onone";
				SWIFT_VERSION = 5.0;
				TARGETED_DEVICE_FAMILY = "1,2";
			};
			name = Debug;
		};
		AA0000000000000000000095 /* Release */ = {
			isa = XCBuildConfiguration;
			baseConfigurationReference = AA0000000000000000000015 /* Release.xcconfig */;
			buildSettings = {
				ASSETCATALOG_COMPILER_APPICON_NAME = AppIcon;
				CLANG_ENABLE_MODULES = YES;
				CODE_SIGN_ENTITLEMENTS = Runner/Runner.entitlements;
				CODE_SIGN_STYLE = Automatic;
				CURRENT_PROJECT_VERSION = "$(FLUTTER_BUILD_NUMBER)";
				DEVELOPMENT_TEAM = "";
				ENABLE_BITCODE = NO;
				FRAMEWORK_SEARCH_PATHS = (
					"$(inherited)",
					"$(PROJECT_DIR)/Frameworks",
				);
				HEADER_SEARCH_PATHS = (
					"$(inherited)",
					"$(PROJECT_DIR)/Frameworks/include",
				);
				INFOPLIST_FILE = Runner/Info.plist;
				IPHONEOS_DEPLOYMENT_TARGET = 15.0;
				LD_RUNPATH_SEARCH_PATHS = (
					"$(inherited)",
					"@executable_path/Frameworks",
				);
				MARKETING_VERSION = 1.0.0;
				PRODUCT_BUNDLE_IDENTIFIER = com.auravpn.app;
				PRODUCT_NAME = "$(TARGET_NAME)";
				SWIFT_OBJC_BRIDGING_HEADER = "Runner/Runner-Bridging-Header.h";
				SWIFT_OPTIMIZATION_LEVEL = "-Owholemodule";
				SWIFT_VERSION = 5.0;
				TARGETED_DEVICE_FAMILY = "1,2";
			};
			name = Release;
		};
		AA0000000000000000000097 /* Debug */ = {
			isa = XCBuildConfiguration;
			buildSettings = {
				APPLICATION_EXTENSION_API_ONLY = YES;
				CLANG_ENABLE_MODULES = YES;
				CODE_SIGN_ENTITLEMENTS = PacketTunnel/PacketTunnel.entitlements;
				CODE_SIGN_STYLE = Automatic;
				CURRENT_PROJECT_VERSION = 1;
				DEVELOPMENT_TEAM = "";
				ENABLE_BITCODE = NO;
				FRAMEWORK_SEARCH_PATHS = (
					"$(inherited)",
					"$(PROJECT_DIR)/Frameworks",
				);
				HEADER_SEARCH_PATHS = (
					"$(inherited)",
					"$(PROJECT_DIR)/Frameworks/include",
				);
				INFOPLIST_FILE = PacketTunnel/Info.plist;
				IPHONEOS_DEPLOYMENT_TARGET = 15.0;
				LD_RUNPATH_SEARCH_PATHS = (
					"$(inherited)",
					"@executable_path/Frameworks",
					"@executable_path/../../Frameworks",
				);
				MARKETING_VERSION = 1.0.0;
				PRODUCT_BUNDLE_IDENTIFIER = com.auravpn.app.packet-tunnel;
				PRODUCT_NAME = "$(TARGET_NAME)";
				SKIP_INSTALL = NO;
				SWIFT_OBJC_BRIDGING_HEADER = "PacketTunnel/PacketTunnel-Bridging-Header.h";
				SWIFT_OPTIMIZATION_LEVEL = "-Onone";
				SWIFT_VERSION = 5.0;
				TARGETED_DEVICE_FAMILY = "1,2";
			};
			name = Debug;
		};
		AA0000000000000000000098 /* Release */ = {
			isa = XCBuildConfiguration;
			buildSettings = {
				APPLICATION_EXTENSION_API_ONLY = YES;
				CLANG_ENABLE_MODULES = YES;
				CODE_SIGN_ENTITLEMENTS = PacketTunnel/PacketTunnel.entitlements;
				CODE_SIGN_STYLE = Automatic;
				CURRENT_PROJECT_VERSION = 1;
				DEVELOPMENT_TEAM = "";
				ENABLE_BITCODE = NO;
				FRAMEWORK_SEARCH_PATHS = (
					"$(inherited)",
					"$(PROJECT_DIR)/Frameworks",
				);
				HEADER_SEARCH_PATHS = (
					"$(inherited)",
					"$(PROJECT_DIR)/Frameworks/include",
				);
				INFOPLIST_FILE = PacketTunnel/Info.plist;
				IPHONEOS_DEPLOYMENT_TARGET = 15.0;
				LD_RUNPATH_SEARCH_PATHS = (
					"$(inherited)",
					"@executable_path/Frameworks",
					"@executable_path/../../Frameworks",
				);
				MARKETING_VERSION = 1.0.0;
				PRODUCT_BUNDLE_IDENTIFIER = com.auravpn.app.packet-tunnel;
				PRODUCT_NAME = "$(TARGET_NAME)";
				SKIP_INSTALL = NO;
				SWIFT_OBJC_BRIDGING_HEADER = "PacketTunnel/PacketTunnel-Bridging-Header.h";
				SWIFT_OPTIMIZATION_LEVEL = "-Owholemodule";
				SWIFT_VERSION = 5.0;
				TARGETED_DEVICE_FAMILY = "1,2";
			};
			name = Release;
		};
/* End XCBuildConfiguration section */

/* Begin XCConfigurationList section */
		AA0000000000000000000090 /* Build configuration list for PBXProject "Runner" */ = {
			isa = XCConfigurationList;
			buildConfigurations = (
				AA0000000000000000000091 /* Debug */,
				AA0000000000000000000092 /* Release */,
			);
			defaultConfigurationIsVisible = 0;
			defaultConfigurationName = Release;
		};
		AA0000000000000000000093 /* Build configuration list for PBXNativeTarget "Runner" */ = {
			isa = XCConfigurationList;
			buildConfigurations = (
				AA0000000000000000000094 /* Debug */,
				AA0000000000000000000095 /* Release */,
			);
			defaultConfigurationIsVisible = 0;
			defaultConfigurationName = Release;
		};
		AA0000000000000000000096 /* Build configuration list for PBXNativeTarget "PacketTunnel" */ = {
			isa = XCConfigurationList;
			buildConfigurations = (
				AA0000000000000000000097 /* Debug */,
				AA0000000000000000000098 /* Release */,
			);
			defaultConfigurationIsVisible = 0;
			defaultConfigurationName = Release;
		};
/* End XCConfigurationList section */
	};
	rootObject = AA0000000000000000000080 /* Project object */;
}
